# THIS IS AN AUTOGENERATED FILE. DO NOT EDIT THIS FILE DIRECTLY.
# yarn lockfile v1


"@babel/runtime@^7.0.0":
  version "7.12.1"
  resolved "https://registry.yarnpkg.com/@babel/runtime/-/runtime-7.12.1.tgz#b4116a6b6711d010b2dad3b7b6e43bf1b9954740"
  integrity sha512-J5AIf3vPj3UwXaAzb5j1xM4WAQDX3EMgemF8rjCP3SoW09LfRKAXQKt6CoVYl230P6iWdRcBbnLDDdnqWxZSCA==
  dependencies:
    regenerator-runtime "^0.13.4"

axios@^0.21.0:
  version "0.21.0"
  resolved "https://registry.yarnpkg.com/axios/-/axios-0.21.0.tgz#26df088803a2350dff2c27f96fef99fe49442aca"
  integrity sha512-fmkJBknJKoZwem3/IKSSLpkdNXZeBu5Q7GA/aRsr2btgrptmSCxi2oFjZHqGdK9DoTil9PIHlPIZw2EcRJXRvw==
  dependencies:
    follow-redirects "^1.10.0"

devise-axios@^1.0.24:
  version "1.0.24"
  resolved "https://registry.yarnpkg.com/devise-axios/-/devise-axios-1.0.24.tgz#c591da71b16778cc84040db4bfd82534b2c61c19"
  integrity sha512-IgSQxWxDprWrZwYihqmeRpZffHRXifuTC4HCI98AzJWslUKoH5xK2LireBhnt4CqSFGXxfH4KfJdQ0vvEwS6kg==
  dependencies:
    "@babel/runtime" "^7.0.0"

follow-redirects@^1.10.0:
  version "1.13.0"
  resolved "https://registry.yarnpkg.com/follow-redirects/-/follow-redirects-1.13.0.tgz#b42e8d93a2a7eea5ed88633676d6597bc8e384db"
  integrity sha512-aq6gF1BEKje4a9i9+5jimNFIpq4Q1WiwBToeRK5NvZBd/TRsmW8BsJfOEGkr76TbOyPVD3OVDN910EcUNtRYEA==

regenerator-runtime@^0.13.4:
  version "0.13.7"
  resolved "https://registry.yarnpkg.com/regenerator-runtime/-/regenerator-runtime-0.13.7.tgz#cac2dacc8a1ea675feaabaeb8ae833898ae46f55"
  integrity sha512-a54FxoJDIr27pgf7IgeQGxmqUNYrcV338lf/6gH456HZ/PhX+5BcwHXG9ajESmwe6WRO0tAzRUrRmNONWgkrew==
